
Microsoft Visual Studio Solution File, Format Version 12.00
# Visual Studio 2012
Project("{FAE04EC0-301F-11D3-BF4B-00C04F79EFBC}") = "01ZanCai_Pro", "01ZanCai_Pro\01ZanCai_Pro.csproj", "{BE0FEA6A-AE26-4D59-AE0F-4E3B26E2EC60}"
EndProject
Project("{FAE04EC0-301F-11D3-BF4B-00C04F79EFBC}") = "02ZanCai_Ajax_Pro", "02ZanCai_Ajax_Pro\02ZanCai_Ajax_Pro.csproj", "{9C8922E1-FE9F-45E9-AD2F-C8E38082A0FE}"
EndProject
Project("{FAE04EC0-301F-11D3-BF4B-00C04F79EFBC}") = "Ajax_Test_Pro", "Ajax_Test_Pro\Ajax_Test_Pro.csproj", "{07ABFC3D-65A5-4144-99C5-782D07D6AF8A}"
EndProject
Project("{FAE04EC0-301F-11D3-BF4B-00C04F79EFBC}") = "03Ajax_FengZhuang", "03Ajax_FengZhuang\03Ajax_FengZhuang.csproj", "{F8ED2117-A1AB-4B62-91F5-E8B48EB9D108}"
EndProject
Project("{FAE04EC0-301F-11D3-BF4B-00C04F79EFBC}") = "04UserRegister_Pro", "04UserRegister_Pro\04UserRegister_Pro.csproj", "{6BF9EC8B-94E9-493A-88FC-0F7E202E5C26}"
EndProject
Global
	GlobalSection(SolutionConfigurationPlatforms) = preSolution
		Debug|Any CPU = Debug|Any CPU
		Release|Any CPU = Release|Any CPU
	EndGlobalSection
	GlobalSection(ProjectConfigurationPlatforms) = postSolution
		{BE0FEA6A-AE26-4D59-AE0F-4E3B26E2EC60}.Debug|Any CPU.ActiveCfg = Debug|Any CPU
		{BE0FEA6A-AE26-4D59-AE0F-4E3B26E2EC60}.Debug|Any CPU.Build.0 = Debug|Any CPU
		{BE0FEA6A-AE26-4D59-AE0F-4E3B26E2EC60}.Release|Any CPU.ActiveCfg = Release|Any CPU
		{BE0FEA6A-AE26-4D59-AE0F-4E3B26E2EC60}.Release|Any CPU.Build.0 = Release|Any CPU
		{9C8922E1-FE9F-45E9-AD2F-C8E38082A0FE}.Debug|Any CPU.ActiveCfg = Debug|Any CPU
		{9C8922E1-FE9F-45E9-AD2F-C8E38082A0FE}.Debug|Any CPU.Build.0 = Debug|Any CPU
		{9C8922E1-FE9F-45E9-AD2F-C8E38082A0FE}.Release|Any CPU.ActiveCfg = Release|Any CPU
		{9C8922E1-FE9F-45E9-AD2F-C8E38082A0FE}.Release|Any CPU.Build.0 = Release|Any CPU
		{07ABFC3D-65A5-4144-99C5-782D07D6AF8A}.Debug|Any CPU.ActiveCfg = Debug|Any CPU
		{07ABFC3D-65A5-4144-99C5-782D07D6AF8A}.Debug|Any CPU.Build.0 = Debug|Any CPU
		{07ABFC3D-65A5-4144-99C5-782D07D6AF8A}.Release|Any CPU.ActiveCfg = Release|Any CPU
		{07ABFC3D-65A5-4144-99C5-782D07D6AF8A}.Release|Any CPU.Build.0 = Release|Any CPU
		{F8ED2117-A1AB-4B62-91F5-E8B48EB9D108}.Debug|Any CPU.ActiveCfg = Debug|Any CPU
		{F8ED2117-A1AB-4B62-91F5-E8B48EB9D108}.Debug|Any CPU.Build.0 = Debug|Any CPU
		{F8ED2117-A1AB-4B62-91F5-E8B48EB9D108}.Release|Any CPU.ActiveCfg = Release|Any CPU
		{F8ED2117-A1AB-4B62-91F5-E8B48EB9D108}.Release|Any CPU.Build.0 = Release|Any CPU
		{6BF9EC8B-94E9-493A-88FC-0F7E202E5C26}.Debug|Any CPU.ActiveCfg = Debug|Any CPU
		{6BF9EC8B-94E9-493A-88FC-0F7E202E5C26}.Debug|Any CPU.Build.0 = Debug|Any CPU
		{6BF9EC8B-94E9-493A-88FC-0F7E202E5C26}.Release|Any CPU.ActiveCfg = Release|Any CPU
		{6BF9EC8B-94E9-493A-88FC-0F7E202E5C26}.Release|Any CPU.Build.0 = Release|Any CPU
	EndGlobalSection
	GlobalSection(SolutionProperties) = preSolution
		HideSolutionNode = FALSE
	EndGlobalSection
EndGlobal
