
Microsoft Visual Studio Solution File, Format Version 12.00
# Visual Studio 2012
Project("{FAE04EC0-301F-11D3-BF4B-00C04F79EFBC}") = "SportsStore.Domain", "SportsStore.Domain\SportsStore.Domain.csproj", "{705E77BD-647B-4F4C-83E6-51F69B01109F}"
EndProject
Project("{FAE04EC0-301F-11D3-BF4B-00C04F79EFBC}") = "SportsStore.WebUI", "SportsStore.WebUI\SportsStore.WebUI.csproj", "{C1E1ADD4-5BC8-43B1-B4AE-2C2B53A020BA}"
EndProject
Project("{FAE04EC0-301F-11D3-BF4B-00C04F79EFBC}") = "SportsStore.UnitTests", "SportsStore.UnitTests\SportsStore.UnitTests.csproj", "{82572043-3BA8-4062-A676-03534B6ADC68}"
EndProject
Global
	GlobalSection(SolutionConfigurationPlatforms) = preSolution
		Debug|Any CPU = Debug|Any CPU
		Release|Any CPU = Release|Any CPU
	EndGlobalSection
	GlobalSection(ProjectConfigurationPlatforms) = postSolution
		{705E77BD-647B-4F4C-83E6-51F69B01109F}.Debug|Any CPU.ActiveCfg = Debug|Any CPU
		{705E77BD-647B-4F4C-83E6-51F69B01109F}.Debug|Any CPU.Build.0 = Debug|Any CPU
		{705E77BD-647B-4F4C-83E6-51F69B01109F}.Release|Any CPU.ActiveCfg = Release|Any CPU
		{705E77BD-647B-4F4C-83E6-51F69B01109F}.Release|Any CPU.Build.0 = Release|Any CPU
		{C1E1ADD4-5BC8-43B1-B4AE-2C2B53A020BA}.Debug|Any CPU.ActiveCfg = Debug|Any CPU
		{C1E1ADD4-5BC8-43B1-B4AE-2C2B53A020BA}.Debug|Any CPU.Build.0 = Debug|Any CPU
		{C1E1ADD4-5BC8-43B1-B4AE-2C2B53A020BA}.Release|Any CPU.ActiveCfg = Release|Any CPU
		{C1E1ADD4-5BC8-43B1-B4AE-2C2B53A020BA}.Release|Any CPU.Build.0 = Release|Any CPU
		{82572043-3BA8-4062-A676-03534B6ADC68}.Debug|Any CPU.ActiveCfg = Debug|Any CPU
		{82572043-3BA8-4062-A676-03534B6ADC68}.Debug|Any CPU.Build.0 = Debug|Any CPU
		{82572043-3BA8-4062-A676-03534B6ADC68}.Release|Any CPU.ActiveCfg = Release|Any CPU
		{82572043-3BA8-4062-A676-03534B6ADC68}.Release|Any CPU.Build.0 = Release|Any CPU
	EndGlobalSection
	GlobalSection(SolutionProperties) = preSolution
		HideSolutionNode = FALSE
	EndGlobalSection
EndGlobal
