
Microsoft Visual Studio Solution File, Format Version 12.00
# Visual Studio 2012
Project("{FAE04EC0-301F-11D3-BF4B-00C04F79EFBC}") = "09+zhanwei", "09+zhanwei\09+zhanwei.csproj", "{56FFD1CD-E386-41F8-AA99-174CF0F5B003}"
EndProject
Global
	GlobalSection(SolutionConfigurationPlatforms) = preSolution
		Debug|Any CPU = Debug|Any CPU
		Release|Any CPU = Release|Any CPU
	EndGlobalSection
	GlobalSection(ProjectConfigurationPlatforms) = postSolution
		{56FFD1CD-E386-41F8-AA99-174CF0F5B003}.Debug|Any CPU.ActiveCfg = Debug|Any CPU
		{56FFD1CD-E386-41F8-AA99-174CF0F5B003}.Debug|Any CPU.Build.0 = Debug|Any CPU
		{56FFD1CD-E386-41F8-AA99-174CF0F5B003}.Release|Any CPU.ActiveCfg = Release|Any CPU
		{56FFD1CD-E386-41F8-AA99-174CF0F5B003}.Release|Any CPU.Build.0 = Release|Any CPU
	EndGlobalSection
	GlobalSection(SolutionProperties) = preSolution
		HideSolutionNode = FALSE
	EndGlobalSection
EndGlobal
