
Microsoft Visual Studio Solution File, Format Version 12.00
# Visual Studio 2012
Project("{FAE04EC0-301F-11D3-BF4B-00C04F79EFBC}") = "03For Loop", "03For Loop\03For Loop.csproj", "{2EEC6A7C-7804-440C-A440-E6CF94A8FBE1}"
EndProject
Project("{FAE04EC0-301F-11D3-BF4B-00C04F79EFBC}") = "10IntParse", "10IntParse\10IntParse.csproj", "{AEDC88C4-DB5F-4CCD-9C7F-D3A662E98CBD}"
EndProject
Global
	GlobalSection(SolutionConfigurationPlatforms) = preSolution
		Debug|Any CPU = Debug|Any CPU
		Release|Any CPU = Release|Any CPU
	EndGlobalSection
	GlobalSection(ProjectConfigurationPlatforms) = postSolution
		{2EEC6A7C-7804-440C-A440-E6CF94A8FBE1}.Debug|Any CPU.ActiveCfg = Debug|Any CPU
		{2EEC6A7C-7804-440C-A440-E6CF94A8FBE1}.Debug|Any CPU.Build.0 = Debug|Any CPU
		{2EEC6A7C-7804-440C-A440-E6CF94A8FBE1}.Release|Any CPU.ActiveCfg = Release|Any CPU
		{2EEC6A7C-7804-440C-A440-E6CF94A8FBE1}.Release|Any CPU.Build.0 = Release|Any CPU
		{AEDC88C4-DB5F-4CCD-9C7F-D3A662E98CBD}.Debug|Any CPU.ActiveCfg = Debug|Any CPU
		{AEDC88C4-DB5F-4CCD-9C7F-D3A662E98CBD}.Debug|Any CPU.Build.0 = Debug|Any CPU
		{AEDC88C4-DB5F-4CCD-9C7F-D3A662E98CBD}.Release|Any CPU.ActiveCfg = Release|Any CPU
		{AEDC88C4-DB5F-4CCD-9C7F-D3A662E98CBD}.Release|Any CPU.Build.0 = Release|Any CPU
	EndGlobalSection
	GlobalSection(SolutionProperties) = preSolution
		HideSolutionNode = FALSE
	EndGlobalSection
EndGlobal
