
Microsoft Visual Studio Solution File, Format Version 12.00
# Visual Studio 2012
Project("{FAE04EC0-301F-11D3-BF4B-00C04F79EFBC}") = "01Handler", "01Handler\01Handler.csproj", "{021F860C-9957-4A55-8442-52BB3F01D651}"
EndProject
Global
	GlobalSection(SolutionConfigurationPlatforms) = preSolution
		Debug|Any CPU = Debug|Any CPU
		Release|Any CPU = Release|Any CPU
	EndGlobalSection
	GlobalSection(ProjectConfigurationPlatforms) = postSolution
		{021F860C-9957-4A55-8442-52BB3F01D651}.Debug|Any CPU.ActiveCfg = Debug|Any CPU
		{021F860C-9957-4A55-8442-52BB3F01D651}.Debug|Any CPU.Build.0 = Debug|Any CPU
		{021F860C-9957-4A55-8442-52BB3F01D651}.Release|Any CPU.ActiveCfg = Release|Any CPU
		{021F860C-9957-4A55-8442-52BB3F01D651}.Release|Any CPU.Build.0 = Release|Any CPU
	EndGlobalSection
	GlobalSection(SolutionProperties) = preSolution
		HideSolutionNode = FALSE
	EndGlobalSection
EndGlobal
