
Microsoft Visual Studio Solution File, Format Version 12.00
# Visual Studio 2012
Project("{FAE04EC0-301F-11D3-BF4B-00C04F79EFBC}") = "01CookieLogin", "01CookieLogin\01CookieLogin.csproj", "{F180D0A0-436B-4A8C-9970-AA55AB33AEB5}"
EndProject
Global
	GlobalSection(SolutionConfigurationPlatforms) = preSolution
		Debug|Any CPU = Debug|Any CPU
		Release|Any CPU = Release|Any CPU
	EndGlobalSection
	GlobalSection(ProjectConfigurationPlatforms) = postSolution
		{F180D0A0-436B-4A8C-9970-AA55AB33AEB5}.Debug|Any CPU.ActiveCfg = Debug|Any CPU
		{F180D0A0-436B-4A8C-9970-AA55AB33AEB5}.Debug|Any CPU.Build.0 = Debug|Any CPU
		{F180D0A0-436B-4A8C-9970-AA55AB33AEB5}.Release|Any CPU.ActiveCfg = Release|Any CPU
		{F180D0A0-436B-4A8C-9970-AA55AB33AEB5}.Release|Any CPU.Build.0 = Release|Any CPU
	EndGlobalSection
	GlobalSection(SolutionProperties) = preSolution
		HideSolutionNode = FALSE
	EndGlobalSection
EndGlobal
