
Microsoft Visual Studio Solution File, Format Version 12.00
# Visual Studio 2012
Project("{FAE04EC0-301F-11D3-BF4B-00C04F79EFBC}") = "01LiShiZhuanHuan", "01LiShiZhuanHuan\01LiShiZhuanHuan.csproj", "{797A5018-B232-4EB0-9E22-F1F00AD24108}"
EndProject
Project("{FAE04EC0-301F-11D3-BF4B-00C04F79EFBC}") = "02LiShiZhuanHuan_Practise", "02LiShiZhuanHuan_Practise\02LiShiZhuanHuan_Practise.csproj", "{337E40F9-E2BB-4F78-A6F7-AC8A11BF15CF}"
EndProject
Project("{FAE04EC0-301F-11D3-BF4B-00C04F79EFBC}") = "03ArrayList", "03ArrayList\03ArrayList.csproj", "{DE9A1702-21A0-4041-82BB-C5F14C5751CD}"
EndProject
Project("{FAE04EC0-301F-11D3-BF4B-00C04F79EFBC}") = "04ArrayList_Length", "04ArrayList_Length\04ArrayList_Length.csproj", "{13E9F0DE-832C-4661-9D05-6448EFFB408D}"
EndProject
Project("{FAE04EC0-301F-11D3-BF4B-00C04F79EFBC}") = "05ArrayList_Practise", "05ArrayList_Practise\05ArrayList_Practise.csproj", "{F85B543D-0347-47FE-8847-6C6CF937071F}"
EndProject
Project("{FAE04EC0-301F-11D3-BF4B-00C04F79EFBC}") = "06Hashtable", "06Hashtable\06Hashtable.csproj", "{07D37A9F-3A5D-4718-B510-A87B33C4E4F8}"
EndProject
Project("{FAE04EC0-301F-11D3-BF4B-00C04F79EFBC}") = "07Hashtable_Practise", "07Hashtable_Practise\07Hashtable_Practise.csproj", "{87B4EC22-D65F-4CF5-B3AB-10704FDC2D30}"
EndProject
Global
	GlobalSection(SolutionConfigurationPlatforms) = preSolution
		Debug|Any CPU = Debug|Any CPU
		Release|Any CPU = Release|Any CPU
	EndGlobalSection
	GlobalSection(ProjectConfigurationPlatforms) = postSolution
		{797A5018-B232-4EB0-9E22-F1F00AD24108}.Debug|Any CPU.ActiveCfg = Debug|Any CPU
		{797A5018-B232-4EB0-9E22-F1F00AD24108}.Debug|Any CPU.Build.0 = Debug|Any CPU
		{797A5018-B232-4EB0-9E22-F1F00AD24108}.Release|Any CPU.ActiveCfg = Release|Any CPU
		{797A5018-B232-4EB0-9E22-F1F00AD24108}.Release|Any CPU.Build.0 = Release|Any CPU
		{337E40F9-E2BB-4F78-A6F7-AC8A11BF15CF}.Debug|Any CPU.ActiveCfg = Debug|Any CPU
		{337E40F9-E2BB-4F78-A6F7-AC8A11BF15CF}.Debug|Any CPU.Build.0 = Debug|Any CPU
		{337E40F9-E2BB-4F78-A6F7-AC8A11BF15CF}.Release|Any CPU.ActiveCfg = Release|Any CPU
		{337E40F9-E2BB-4F78-A6F7-AC8A11BF15CF}.Release|Any CPU.Build.0 = Release|Any CPU
		{DE9A1702-21A0-4041-82BB-C5F14C5751CD}.Debug|Any CPU.ActiveCfg = Debug|Any CPU
		{DE9A1702-21A0-4041-82BB-C5F14C5751CD}.Debug|Any CPU.Build.0 = Debug|Any CPU
		{DE9A1702-21A0-4041-82BB-C5F14C5751CD}.Release|Any CPU.ActiveCfg = Release|Any CPU
		{DE9A1702-21A0-4041-82BB-C5F14C5751CD}.Release|Any CPU.Build.0 = Release|Any CPU
		{13E9F0DE-832C-4661-9D05-6448EFFB408D}.Debug|Any CPU.ActiveCfg = Debug|Any CPU
		{13E9F0DE-832C-4661-9D05-6448EFFB408D}.Debug|Any CPU.Build.0 = Debug|Any CPU
		{13E9F0DE-832C-4661-9D05-6448EFFB408D}.Release|Any CPU.ActiveCfg = Release|Any CPU
		{13E9F0DE-832C-4661-9D05-6448EFFB408D}.Release|Any CPU.Build.0 = Release|Any CPU
		{F85B543D-0347-47FE-8847-6C6CF937071F}.Debug|Any CPU.ActiveCfg = Debug|Any CPU
		{F85B543D-0347-47FE-8847-6C6CF937071F}.Debug|Any CPU.Build.0 = Debug|Any CPU
		{F85B543D-0347-47FE-8847-6C6CF937071F}.Release|Any CPU.ActiveCfg = Release|Any CPU
		{F85B543D-0347-47FE-8847-6C6CF937071F}.Release|Any CPU.Build.0 = Release|Any CPU
		{07D37A9F-3A5D-4718-B510-A87B33C4E4F8}.Debug|Any CPU.ActiveCfg = Debug|Any CPU
		{07D37A9F-3A5D-4718-B510-A87B33C4E4F8}.Debug|Any CPU.Build.0 = Debug|Any CPU
		{07D37A9F-3A5D-4718-B510-A87B33C4E4F8}.Release|Any CPU.ActiveCfg = Release|Any CPU
		{07D37A9F-3A5D-4718-B510-A87B33C4E4F8}.Release|Any CPU.Build.0 = Release|Any CPU
		{87B4EC22-D65F-4CF5-B3AB-10704FDC2D30}.Debug|Any CPU.ActiveCfg = Debug|Any CPU
		{87B4EC22-D65F-4CF5-B3AB-10704FDC2D30}.Debug|Any CPU.Build.0 = Debug|Any CPU
		{87B4EC22-D65F-4CF5-B3AB-10704FDC2D30}.Release|Any CPU.ActiveCfg = Release|Any CPU
		{87B4EC22-D65F-4CF5-B3AB-10704FDC2D30}.Release|Any CPU.Build.0 = Release|Any CPU
	EndGlobalSection
	GlobalSection(SolutionProperties) = preSolution
		HideSolutionNode = FALSE
	EndGlobalSection
EndGlobal
