
Microsoft Visual Studio Solution File, Format Version 12.00
# Visual Studio 2012
Project("{FAE04EC0-301F-11D3-BF4B-00C04F79EFBC}") = "ChouJiangPro", "ChouJiangPro\ChouJiangPro.csproj", "{A914DEAC-DF12-44C0-82AE-0C3D07A5F1A4}"
EndProject
Global
	GlobalSection(SolutionConfigurationPlatforms) = preSolution
		Debug|Any CPU = Debug|Any CPU
		Release|Any CPU = Release|Any CPU
	EndGlobalSection
	GlobalSection(ProjectConfigurationPlatforms) = postSolution
		{A914DEAC-DF12-44C0-82AE-0C3D07A5F1A4}.Debug|Any CPU.ActiveCfg = Debug|Any CPU
		{A914DEAC-DF12-44C0-82AE-0C3D07A5F1A4}.Debug|Any CPU.Build.0 = Debug|Any CPU
		{A914DEAC-DF12-44C0-82AE-0C3D07A5F1A4}.Release|Any CPU.ActiveCfg = Release|Any CPU
		{A914DEAC-DF12-44C0-82AE-0C3D07A5F1A4}.Release|Any CPU.Build.0 = Release|Any CPU
	EndGlobalSection
	GlobalSection(SolutionProperties) = preSolution
		HideSolutionNode = FALSE
	EndGlobalSection
EndGlobal
