
Microsoft Visual Studio Solution File, Format Version 12.00
# Visual Studio 2012
Project("{FAE04EC0-301F-11D3-BF4B-00C04F79EFBC}") = "ChouJiang", "ChouJiang\ChouJiang.csproj", "{CBEB904A-D2E1-4474-B6B8-395634577DA5}"
EndProject
Global
	GlobalSection(SolutionConfigurationPlatforms) = preSolution
		Debug|Any CPU = Debug|Any CPU
		Release|Any CPU = Release|Any CPU
	EndGlobalSection
	GlobalSection(ProjectConfigurationPlatforms) = postSolution
		{CBEB904A-D2E1-4474-B6B8-395634577DA5}.Debug|Any CPU.ActiveCfg = Debug|Any CPU
		{CBEB904A-D2E1-4474-B6B8-395634577DA5}.Debug|Any CPU.Build.0 = Debug|Any CPU
		{CBEB904A-D2E1-4474-B6B8-395634577DA5}.Release|Any CPU.ActiveCfg = Release|Any CPU
		{CBEB904A-D2E1-4474-B6B8-395634577DA5}.Release|Any CPU.Build.0 = Release|Any CPU
	EndGlobalSection
	GlobalSection(SolutionProperties) = preSolution
		HideSolutionNode = FALSE
	EndGlobalSection
EndGlobal
